// !$*UTF8*$!
{
	archiveVersion = 1;
	classes = {
	};
	objectVersion = 56;
	objects = {

/* Begin PBXBuildFile section */
		473098742C3D607400AA428E /* ProjectCell.swift in Sources */ = {isa = PBXBuildFile; fileRef = 473098732C3D607400AA428E /* ProjectCell.swift */; };
		473098772C3D738300AA428E /* EditProjectView.swift in Sources */ = {isa = PBXBuildFile; fileRef = 473098762C3D738300AA428E /* EditProjectView.swift */; };
		473098792C3D738E00AA428E /* EditProjectViewModel.swift in Sources */ = {isa = PBXBuildFile; fileRef = 473098782C3D738E00AA428E /* EditProjectViewModel.swift */; };
		4730987C2C3DAB1700AA428E /* DidCreateProjectView.swift in Sources */ = {isa = PBXBuildFile; fileRef = 4730987B2C3DAB1700AA428E /* DidCreateProjectView.swift */; };
		473098822C3E9D9E00AA428E /* ROIView.swift in Sources */ = {isa = PBXBuildFile; fileRef = 473098812C3E9D9E00AA428E /* ROIView.swift */; };
		473098842C3E9DA800AA428E /* ROIViewModel.swift in Sources */ = {isa = PBXBuildFile; fileRef = 473098832C3E9DA800AA428E /* ROIViewModel.swift */; };
		473098872C3EA3A900AA428E /* ROIDataView.swift in Sources */ = {isa = PBXBuildFile; fileRef = 473098862C3EA3A900AA428E /* ROIDataView.swift */; };
		4730988A2C3EADB000AA428E /* CalculatingView.swift in Sources */ = {isa = PBXBuildFile; fileRef = 473098892C3EADB000AA428E /* CalculatingView.swift */; };
		4730988D2C3EB24A00AA428E /* ROIResultView.swift in Sources */ = {isa = PBXBuildFile; fileRef = 4730988C2C3EB24A00AA428E /* ROIResultView.swift */; };
		473098902C3EBF2200AA428E /* SettingsView.swift in Sources */ = {isa = PBXBuildFile; fileRef = 4730988F2C3EBF2200AA428E /* SettingsView.swift */; };
		473098932C3EBF4100AA428E /* SettingCell.swift in Sources */ = {isa = PBXBuildFile; fileRef = 473098922C3EBF4100AA428E /* SettingCell.swift */; };
		473098952C3EC51200AA428E /* SettingsViewModel.swift in Sources */ = {isa = PBXBuildFile; fileRef = 473098942C3EC51200AA428E /* SettingsViewModel.swift */; };
		473098982C3ECA1400AA428E /* ShareSheet.swift in Sources */ = {isa = PBXBuildFile; fileRef = 473098972C3ECA1400AA428E /* ShareSheet.swift */; };
		477EBCFF2C3BCC9600D3209E /* AddProjectView.swift in Sources */ = {isa = PBXBuildFile; fileRef = 477EBCFE2C3BCC9600D3209E /* AddProjectView.swift */; };
		477EBD012C3BCCA000D3209E /* AddProjectViewModel.swift in Sources */ = {isa = PBXBuildFile; fileRef = 477EBD002C3BCCA000D3209E /* AddProjectViewModel.swift */; };
		477EBD042C3BDA0A00D3209E /* InputField.swift in Sources */ = {isa = PBXBuildFile; fileRef = 477EBD032C3BDA0A00D3209E /* InputField.swift */; };
		477EBD0A2C3C1BDE00D3209E /* String+Additions.swift in Sources */ = {isa = PBXBuildFile; fileRef = 477EBD092C3C1BDE00D3209E /* String+Additions.swift */; };
		47D13A8A2C3A932E0062A4B3 /* AppDelegate.swift in Sources */ = {isa = PBXBuildFile; fileRef = 47D13A892C3A932E0062A4B3 /* AppDelegate.swift */; };
		47D13A8C2C3A932E0062A4B3 /* SceneDelegate.swift in Sources */ = {isa = PBXBuildFile; fileRef = 47D13A8B2C3A932E0062A4B3 /* SceneDelegate.swift */; };
		47D13A8E2C3A932E0062A4B3 /* RootViewController.swift in Sources */ = {isa = PBXBuildFile; fileRef = 47D13A8D2C3A932E0062A4B3 /* RootViewController.swift */; };
		47D13A932C3A932F0062A4B3 /* Assets.xcassets in Resources */ = {isa = PBXBuildFile; fileRef = 47D13A922C3A932F0062A4B3 /* Assets.xcassets */; };
		47D13A962C3A932F0062A4B3 /* LaunchScreen.storyboard in Resources */ = {isa = PBXBuildFile; fileRef = 47D13A942C3A932F0062A4B3 /* LaunchScreen.storyboard */; };
		47D13AA22C3A94A90062A4B3 /* RootContentView.swift in Sources */ = {isa = PBXBuildFile; fileRef = 47D13AA12C3A94A90062A4B3 /* RootContentView.swift */; };
		47D13AA42C3A94B20062A4B3 /* RootContentViewModel.swift in Sources */ = {isa = PBXBuildFile; fileRef = 47D13AA32C3A94B20062A4B3 /* RootContentViewModel.swift */; };
		47D13AA62C3A96D50062A4B3 /* swiftgen.yml in Resources */ = {isa = PBXBuildFile; fileRef = 47D13AA52C3A96D50062A4B3 /* swiftgen.yml */; };
		47D13ABD2C3A972F0062A4B3 /* Images.xcassets in Resources */ = {isa = PBXBuildFile; fileRef = 47D13AAA2C3A972F0062A4B3 /* Images.xcassets */; };
		47D13ABE2C3A972F0062A4B3 /* Images.generated.swift in Sources */ = {isa = PBXBuildFile; fileRef = 47D13AAB2C3A972F0062A4B3 /* Images.generated.swift */; };
		47D13ABF2C3A972F0062A4B3 /* Colors.xcassets in Resources */ = {isa = PBXBuildFile; fileRef = 47D13AAD2C3A972F0062A4B3 /* Colors.xcassets */; };
		47D13AC02C3A972F0062A4B3 /* Colors.generated.swift in Sources */ = {isa = PBXBuildFile; fileRef = 47D13AAE2C3A972F0062A4B3 /* Colors.generated.swift */; };
		47D13AC12C3A972F0062A4B3 /* SFPRODISPLAYSEMIBOLDITALIC.OTF in Resources */ = {isa = PBXBuildFile; fileRef = 47D13AB02C3A972F0062A4B3 /* SFPRODISPLAYSEMIBOLDITALIC.OTF */; };
		47D13AC22C3A972F0062A4B3 /* SFPRODISPLAYHEAVYITALIC.OTF in Resources */ = {isa = PBXBuildFile; fileRef = 47D13AB12C3A972F0062A4B3 /* SFPRODISPLAYHEAVYITALIC.OTF */; };
		47D13AC32C3A972F0062A4B3 /* SFPRODISPLAYLIGHTITALIC.OTF in Resources */ = {isa = PBXBuildFile; fileRef = 47D13AB22C3A972F0062A4B3 /* SFPRODISPLAYLIGHTITALIC.OTF */; };
		47D13AC42C3A972F0062A4B3 /* SFPRODISPLAYBLACKITALIC.OTF in Resources */ = {isa = PBXBuildFile; fileRef = 47D13AB32C3A972F0062A4B3 /* SFPRODISPLAYBLACKITALIC.OTF */; };
		47D13AC52C3A972F0062A4B3 /* SFPRODISPLAYREGULAR.OTF in Resources */ = {isa = PBXBuildFile; fileRef = 47D13AB42C3A972F0062A4B3 /* SFPRODISPLAYREGULAR.OTF */; };
		47D13AC62C3A972F0062A4B3 /* Fonts.generated.swift in Sources */ = {isa = PBXBuildFile; fileRef = 47D13AB52C3A972F0062A4B3 /* Fonts.generated.swift */; };
		47D13AC72C3A972F0062A4B3 /* SFPRODISPLAYTHINITALIC.OTF in Resources */ = {isa = PBXBuildFile; fileRef = 47D13AB62C3A972F0062A4B3 /* SFPRODISPLAYTHINITALIC.OTF */; };
		47D13AC82C3A972F0062A4B3 /* SFPRODISPLAYBOLD.OTF in Resources */ = {isa = PBXBuildFile; fileRef = 47D13AB72C3A972F0062A4B3 /* SFPRODISPLAYBOLD.OTF */; };
		47D13AC92C3A972F0062A4B3 /* SFPRODISPLAYMEDIUM.OTF in Resources */ = {isa = PBXBuildFile; fileRef = 47D13AB82C3A972F0062A4B3 /* SFPRODISPLAYMEDIUM.OTF */; };
		47D13ACA2C3A972F0062A4B3 /* SFPRODISPLAYULTRALIGHTITALIC.OTF in Resources */ = {isa = PBXBuildFile; fileRef = 47D13AB92C3A972F0062A4B3 /* SFPRODISPLAYULTRALIGHTITALIC.OTF */; };
		47D13ACB2C3A972F0062A4B3 /* Strings.generated.swift in Sources */ = {isa = PBXBuildFile; fileRef = 47D13ABB2C3A972F0062A4B3 /* Strings.generated.swift */; };
		47D13ACC2C3A972F0062A4B3 /* Localizable.strings in Resources */ = {isa = PBXBuildFile; fileRef = 47D13ABC2C3A972F0062A4B3 /* Localizable.strings */; };
		47D13ACF2C3A9C110062A4B3 /* PreloaderView.swift in Sources */ = {isa = PBXBuildFile; fileRef = 47D13ACE2C3A9C110062A4B3 /* PreloaderView.swift */; };
		47D13AD32C3A9C830062A4B3 /* DefaultsService.swift in Sources */ = {isa = PBXBuildFile; fileRef = 47D13AD22C3A9C830062A4B3 /* DefaultsService.swift */; };
		47D13AD52C3A9EF90062A4B3 /* PreloaderViewModel.swift in Sources */ = {isa = PBXBuildFile; fileRef = 47D13AD42C3A9EF90062A4B3 /* PreloaderViewModel.swift */; };
		47D13ADB2C3AA1B30062A4B3 /* Double+Additions.swift in Sources */ = {isa = PBXBuildFile; fileRef = 47D13AD82C3AA1B30062A4B3 /* Double+Additions.swift */; };
		47D13ADC2C3AA1B30062A4B3 /* Date+Additions.swift in Sources */ = {isa = PBXBuildFile; fileRef = 47D13AD92C3AA1B30062A4B3 /* Date+Additions.swift */; };
		47D13ADD2C3AA1B30062A4B3 /* View+Additions.swift in Sources */ = {isa = PBXBuildFile; fileRef = 47D13ADA2C3AA1B30062A4B3 /* View+Additions.swift */; };
		47D13AE52C3AA4320062A4B3 /* OnboardingView.swift in Sources */ = {isa = PBXBuildFile; fileRef = 47D13AE12C3AA4320062A4B3 /* OnboardingView.swift */; };
		47D13AE62C3AA4320062A4B3 /* OnboardingViewModel.swift in Sources */ = {isa = PBXBuildFile; fileRef = 47D13AE22C3AA4320062A4B3 /* OnboardingViewModel.swift */; };
		47D13AE72C3AA4320062A4B3 /* OnboardingViewTabView.swift in Sources */ = {isa = PBXBuildFile; fileRef = 47D13AE42C3AA4320062A4B3 /* OnboardingViewTabView.swift */; };
		47D13AEC2C3AA4E70062A4B3 /* SwiftUIViewWebView.swift in Sources */ = {isa = PBXBuildFile; fileRef = 47D13AEB2C3AA4E70062A4B3 /* SwiftUIViewWebView.swift */; };
		47D13AEF2C3AA7090062A4B3 /* NextButton.swift in Sources */ = {isa = PBXBuildFile; fileRef = 47D13AEE2C3AA7090062A4B3 /* NextButton.swift */; };
		47D13AF22C3ABD010062A4B3 /* DashedBorder.swift in Sources */ = {isa = PBXBuildFile; fileRef = 47D13AF12C3ABD010062A4B3 /* DashedBorder.swift */; };
		47D13AF82C3ABE340062A4B3 /* TabBar.swift in Sources */ = {isa = PBXBuildFile; fileRef = 47D13AF52C3ABE340062A4B3 /* TabBar.swift */; };
		47D13AF92C3ABE340062A4B3 /* TabBarCustomView.swift in Sources */ = {isa = PBXBuildFile; fileRef = 47D13AF62C3ABE340062A4B3 /* TabBarCustomView.swift */; };
		47D13AFA2C3ABE340062A4B3 /* TabBarViewModel.swift in Sources */ = {isa = PBXBuildFile; fileRef = 47D13AF72C3ABE340062A4B3 /* TabBarViewModel.swift */; };
		47D13AFE2C3AC5C70062A4B3 /* ProjectsContentView.swift in Sources */ = {isa = PBXBuildFile; fileRef = 47D13AFD2C3AC5C70062A4B3 /* ProjectsContentView.swift */; };
		47D13B002C3AC5E30062A4B3 /* ProjectsContentViewModel.swift in Sources */ = {isa = PBXBuildFile; fileRef = 47D13AFF2C3AC5E30062A4B3 /* ProjectsContentViewModel.swift */; };
/* End PBXBuildFile section */

/* Begin PBXFileReference section */
		473098732C3D607400AA428E /* ProjectCell.swift */ = {isa = PBXFileReference; lastKnownFileType = sourcecode.swift; path = ProjectCell.swift; sourceTree = "<group>"; };
		473098762C3D738300AA428E /* EditProjectView.swift */ = {isa = PBXFileReference; lastKnownFileType = sourcecode.swift; path = EditProjectView.swift; sourceTree = "<group>"; };
		473098782C3D738E00AA428E /* EditProjectViewModel.swift */ = {isa = PBXFileReference; lastKnownFileType = sourcecode.swift; path = EditProjectViewModel.swift; sourceTree = "<group>"; };
		4730987B2C3DAB1700AA428E /* DidCreateProjectView.swift */ = {isa = PBXFileReference; lastKnownFileType = sourcecode.swift; path = DidCreateProjectView.swift; sourceTree = "<group>"; };
		473098812C3E9D9E00AA428E /* ROIView.swift */ = {isa = PBXFileReference; lastKnownFileType = sourcecode.swift; path = ROIView.swift; sourceTree = "<group>"; };
		473098832C3E9DA800AA428E /* ROIViewModel.swift */ = {isa = PBXFileReference; lastKnownFileType = sourcecode.swift; path = ROIViewModel.swift; sourceTree = "<group>"; };
		473098862C3EA3A900AA428E /* ROIDataView.swift */ = {isa = PBXFileReference; lastKnownFileType = sourcecode.swift; path = ROIDataView.swift; sourceTree = "<group>"; };
		473098892C3EADB000AA428E /* CalculatingView.swift */ = {isa = PBXFileReference; lastKnownFileType = sourcecode.swift; path = CalculatingView.swift; sourceTree = "<group>"; };
		4730988C2C3EB24A00AA428E /* ROIResultView.swift */ = {isa = PBXFileReference; lastKnownFileType = sourcecode.swift; path = ROIResultView.swift; sourceTree = "<group>"; };
		4730988F2C3EBF2200AA428E /* SettingsView.swift */ = {isa = PBXFileReference; lastKnownFileType = sourcecode.swift; path = SettingsView.swift; sourceTree = "<group>"; };
		473098922C3EBF4100AA428E /* SettingCell.swift */ = {isa = PBXFileReference; lastKnownFileType = sourcecode.swift; path = SettingCell.swift; sourceTree = "<group>"; };
		473098942C3EC51200AA428E /* SettingsViewModel.swift */ = {isa = PBXFileReference; lastKnownFileType = sourcecode.swift; path = SettingsViewModel.swift; sourceTree = "<group>"; };
		473098972C3ECA1400AA428E /* ShareSheet.swift */ = {isa = PBXFileReference; lastKnownFileType = sourcecode.swift; path = ShareSheet.swift; sourceTree = "<group>"; };
		477EBCFE2C3BCC9600D3209E /* AddProjectView.swift */ = {isa = PBXFileReference; lastKnownFileType = sourcecode.swift; path = AddProjectView.swift; sourceTree = "<group>"; };
		477EBD002C3BCCA000D3209E /* AddProjectViewModel.swift */ = {isa = PBXFileReference; lastKnownFileType = sourcecode.swift; path = AddProjectViewModel.swift; sourceTree = "<group>"; };
		477EBD032C3BDA0A00D3209E /* InputField.swift */ = {isa = PBXFileReference; lastKnownFileType = sourcecode.swift; path = InputField.swift; sourceTree = "<group>"; };
		477EBD092C3C1BDE00D3209E /* String+Additions.swift */ = {isa = PBXFileReference; lastKnownFileType = sourcecode.swift; path = "String+Additions.swift"; sourceTree = "<group>"; };
		47D13A862C3A932E0062A4B3 /* Tradifundint.app */ = {isa = PBXFileReference; explicitFileType = wrapper.application; includeInIndex = 0; path = Tradifundint.app; sourceTree = BUILT_PRODUCTS_DIR; };
		47D13A892C3A932E0062A4B3 /* AppDelegate.swift */ = {isa = PBXFileReference; lastKnownFileType = sourcecode.swift; path = AppDelegate.swift; sourceTree = "<group>"; };
		47D13A8B2C3A932E0062A4B3 /* SceneDelegate.swift */ = {isa = PBXFileReference; lastKnownFileType = sourcecode.swift; path = SceneDelegate.swift; sourceTree = "<group>"; };
		47D13A8D2C3A932E0062A4B3 /* RootViewController.swift */ = {isa = PBXFileReference; lastKnownFileType = sourcecode.swift; path = RootViewController.swift; sourceTree = "<group>"; };
		47D13A922C3A932F0062A4B3 /* Assets.xcassets */ = {isa = PBXFileReference; lastKnownFileType = folder.assetcatalog; path = Assets.xcassets; sourceTree = "<group>"; };
		47D13A952C3A932F0062A4B3 /* Base */ = {isa = PBXFileReference; lastKnownFileType = file.storyboard; name = Base; path = Base.lproj/LaunchScreen.storyboard; sourceTree = "<group>"; };
		47D13A972C3A932F0062A4B3 /* Info.plist */ = {isa = PBXFileReference; lastKnownFileType = text.plist.xml; path = Info.plist; sourceTree = "<group>"; };
		47D13AA12C3A94A90062A4B3 /* RootContentView.swift */ = {isa = PBXFileReference; lastKnownFileType = sourcecode.swift; path = RootContentView.swift; sourceTree = "<group>"; };
		47D13AA32C3A94B20062A4B3 /* RootContentViewModel.swift */ = {isa = PBXFileReference; lastKnownFileType = sourcecode.swift; path = RootContentViewModel.swift; sourceTree = "<group>"; };
		47D13AA52C3A96D50062A4B3 /* swiftgen.yml */ = {isa = PBXFileReference; fileEncoding = 4; lastKnownFileType = text.yaml; path = swiftgen.yml; sourceTree = "<group>"; };
		47D13AAA2C3A972F0062A4B3 /* Images.xcassets */ = {isa = PBXFileReference; lastKnownFileType = folder.assetcatalog; path = Images.xcassets; sourceTree = "<group>"; };
		47D13AAB2C3A972F0062A4B3 /* Images.generated.swift */ = {isa = PBXFileReference; fileEncoding = 4; lastKnownFileType = sourcecode.swift; path = Images.generated.swift; sourceTree = "<group>"; };
		47D13AAD2C3A972F0062A4B3 /* Colors.xcassets */ = {isa = PBXFileReference; lastKnownFileType = folder.assetcatalog; path = Colors.xcassets; sourceTree = "<group>"; };
		47D13AAE2C3A972F0062A4B3 /* Colors.generated.swift */ = {isa = PBXFileReference; fileEncoding = 4; lastKnownFileType = sourcecode.swift; path = Colors.generated.swift; sourceTree = "<group>"; };
		47D13AB02C3A972F0062A4B3 /* SFPRODISPLAYSEMIBOLDITALIC.OTF */ = {isa = PBXFileReference; lastKnownFileType = file; path = SFPRODISPLAYSEMIBOLDITALIC.OTF; sourceTree = "<group>"; };
		47D13AB12C3A972F0062A4B3 /* SFPRODISPLAYHEAVYITALIC.OTF */ = {isa = PBXFileReference; lastKnownFileType = file; path = SFPRODISPLAYHEAVYITALIC.OTF; sourceTree = "<group>"; };
		47D13AB22C3A972F0062A4B3 /* SFPRODISPLAYLIGHTITALIC.OTF */ = {isa = PBXFileReference; lastKnownFileType = file; path = SFPRODISPLAYLIGHTITALIC.OTF; sourceTree = "<group>"; };
		47D13AB32C3A972F0062A4B3 /* SFPRODISPLAYBLACKITALIC.OTF */ = {isa = PBXFileReference; lastKnownFileType = file; path = SFPRODISPLAYBLACKITALIC.OTF; sourceTree = "<group>"; };
		47D13AB42C3A972F0062A4B3 /* SFPRODISPLAYREGULAR.OTF */ = {isa = PBXFileReference; lastKnownFileType = file; path = SFPRODISPLAYREGULAR.OTF; sourceTree = "<group>"; };
		47D13AB52C3A972F0062A4B3 /* Fonts.generated.swift */ = {isa = PBXFileReference; fileEncoding = 4; lastKnownFileType = sourcecode.swift; path = Fonts.generated.swift; sourceTree = "<group>"; };
		47D13AB62C3A972F0062A4B3 /* SFPRODISPLAYTHINITALIC.OTF */ = {isa = PBXFileReference; lastKnownFileType = file; path = SFPRODISPLAYTHINITALIC.OTF; sourceTree = "<group>"; };
		47D13AB72C3A972F0062A4B3 /* SFPRODISPLAYBOLD.OTF */ = {isa = PBXFileReference; lastKnownFileType = file; path = SFPRODISPLAYBOLD.OTF; sourceTree = "<group>"; };
		47D13AB82C3A972F0062A4B3 /* SFPRODISPLAYMEDIUM.OTF */ = {isa = PBXFileReference; lastKnownFileType = file; path = SFPRODISPLAYMEDIUM.OTF; sourceTree = "<group>"; };
		47D13AB92C3A972F0062A4B3 /* SFPRODISPLAYULTRALIGHTITALIC.OTF */ = {isa = PBXFileReference; lastKnownFileType = file; path = SFPRODISPLAYULTRALIGHTITALIC.OTF; sourceTree = "<group>"; };
		47D13ABB2C3A972F0062A4B3 /* Strings.generated.swift */ = {isa = PBXFileReference; fileEncoding = 4; lastKnownFileType = sourcecode.swift; path = Strings.generated.swift; sourceTree = "<group>"; };
		47D13ABC2C3A972F0062A4B3 /* Localizable.strings */ = {isa = PBXFileReference; fileEncoding = 4; lastKnownFileType = text.plist.strings; path = Localizable.strings; sourceTree = "<group>"; };
		47D13ACE2C3A9C110062A4B3 /* PreloaderView.swift */ = {isa = PBXFileReference; lastKnownFileType = sourcecode.swift; path = PreloaderView.swift; sourceTree = "<group>"; };
		47D13AD22C3A9C830062A4B3 /* DefaultsService.swift */ = {isa = PBXFileReference; fileEncoding = 4; lastKnownFileType = sourcecode.swift; path = DefaultsService.swift; sourceTree = "<group>"; };
		47D13AD42C3A9EF90062A4B3 /* PreloaderViewModel.swift */ = {isa = PBXFileReference; lastKnownFileType = sourcecode.swift; path = PreloaderViewModel.swift; sourceTree = "<group>"; };
		47D13AD82C3AA1B30062A4B3 /* Double+Additions.swift */ = {isa = PBXFileReference; fileEncoding = 4; lastKnownFileType = sourcecode.swift; path = "Double+Additions.swift"; sourceTree = "<group>"; };
		47D13AD92C3AA1B30062A4B3 /* Date+Additions.swift */ = {isa = PBXFileReference; fileEncoding = 4; lastKnownFileType = sourcecode.swift; path = "Date+Additions.swift"; sourceTree = "<group>"; };
		47D13ADA2C3AA1B30062A4B3 /* View+Additions.swift */ = {isa = PBXFileReference; fileEncoding = 4; lastKnownFileType = sourcecode.swift; path = "View+Additions.swift"; sourceTree = "<group>"; };
		47D13AE12C3AA4320062A4B3 /* OnboardingView.swift */ = {isa = PBXFileReference; fileEncoding = 4; lastKnownFileType = sourcecode.swift; path = OnboardingView.swift; sourceTree = "<group>"; };
		47D13AE22C3AA4320062A4B3 /* OnboardingViewModel.swift */ = {isa = PBXFileReference; fileEncoding = 4; lastKnownFileType = sourcecode.swift; path = OnboardingViewModel.swift; sourceTree = "<group>"; };
		47D13AE42C3AA4320062A4B3 /* OnboardingViewTabView.swift */ = {isa = PBXFileReference; fileEncoding = 4; lastKnownFileType = sourcecode.swift; path = OnboardingViewTabView.swift; sourceTree = "<group>"; };
		47D13AEB2C3AA4E70062A4B3 /* SwiftUIViewWebView.swift */ = {isa = PBXFileReference; fileEncoding = 4; lastKnownFileType = sourcecode.swift; path = SwiftUIViewWebView.swift; sourceTree = "<group>"; };
		47D13AEE2C3AA7090062A4B3 /* NextButton.swift */ = {isa = PBXFileReference; fileEncoding = 4; lastKnownFileType = sourcecode.swift; path = NextButton.swift; sourceTree = "<group>"; };
		47D13AF12C3ABD010062A4B3 /* DashedBorder.swift */ = {isa = PBXFileReference; lastKnownFileType = sourcecode.swift; path = DashedBorder.swift; sourceTree = "<group>"; };
		47D13AF52C3ABE340062A4B3 /* TabBar.swift */ = {isa = PBXFileReference; fileEncoding = 4; lastKnownFileType = sourcecode.swift; path = TabBar.swift; sourceTree = "<group>"; };
		47D13AF62C3ABE340062A4B3 /* TabBarCustomView.swift */ = {isa = PBXFileReference; fileEncoding = 4; lastKnownFileType = sourcecode.swift; path = TabBarCustomView.swift; sourceTree = "<group>"; };
		47D13AF72C3ABE340062A4B3 /* TabBarViewModel.swift */ = {isa = PBXFileReference; fileEncoding = 4; lastKnownFileType = sourcecode.swift; path = TabBarViewModel.swift; sourceTree = "<group>"; };
		47D13AFD2C3AC5C70062A4B3 /* ProjectsContentView.swift */ = {isa = PBXFileReference; lastKnownFileType = sourcecode.swift; path = ProjectsContentView.swift; sourceTree = "<group>"; };
		47D13AFF2C3AC5E30062A4B3 /* ProjectsContentViewModel.swift */ = {isa = PBXFileReference; lastKnownFileType = sourcecode.swift; path = ProjectsContentViewModel.swift; sourceTree = "<group>"; };
/* End PBXFileReference section */

/* Begin PBXFrameworksBuildPhase section */
		47D13A832C3A932E0062A4B3 /* Frameworks */ = {
			isa = PBXFrameworksBuildPhase;
			buildActionMask = 2147483647;
			files = (
			);
			runOnlyForDeploymentPostprocessing = 0;
		};
/* End PBXFrameworksBuildPhase section */

/* Begin PBXGroup section */
		473098722C3D605800AA428E /* Cells */ = {
			isa = PBXGroup;
			children = (
				473098732C3D607400AA428E /* ProjectCell.swift */,
			);
			path = Cells;
			sourceTree = "<group>";
		};
		473098752C3D736E00AA428E /* EditProject */ = {
			isa = PBXGroup;
			children = (
				473098762C3D738300AA428E /* EditProjectView.swift */,
				473098782C3D738E00AA428E /* EditProjectViewModel.swift */,
			);
			path = EditProject;
			sourceTree = "<group>";
		};
		4730987A2C3DAAD000AA428E /* DidCreateProject */ = {
			isa = PBXGroup;
			children = (
				4730987B2C3DAB1700AA428E /* DidCreateProjectView.swift */,
			);
			path = DidCreateProject;
			sourceTree = "<group>";
		};
		473098802C3E9CFB00AA428E /* ROI */ = {
			isa = PBXGroup;
			children = (
				473098852C3EA38D00AA428E /* Views */,
				473098812C3E9D9E00AA428E /* ROIView.swift */,
				4730988C2C3EB24A00AA428E /* ROIResultView.swift */,
				473098832C3E9DA800AA428E /* ROIViewModel.swift */,
			);
			path = ROI;
			sourceTree = "<group>";
		};
		473098852C3EA38D00AA428E /* Views */ = {
			isa = PBXGroup;
			children = (
				473098862C3EA3A900AA428E /* ROIDataView.swift */,
			);
			path = Views;
			sourceTree = "<group>";
		};
		473098882C3EAD9D00AA428E /* Calculating */ = {
			isa = PBXGroup;
			children = (
				473098892C3EADB000AA428E /* CalculatingView.swift */,
			);
			path = Calculating;
			sourceTree = "<group>";
		};
		4730988E2C3EBF0E00AA428E /* Settings */ = {
			isa = PBXGroup;
			children = (
				473098912C3EBF3400AA428E /* Views */,
				4730988F2C3EBF2200AA428E /* SettingsView.swift */,
				473098942C3EC51200AA428E /* SettingsViewModel.swift */,
			);
			path = Settings;
			sourceTree = "<group>";
		};
		473098912C3EBF3400AA428E /* Views */ = {
			isa = PBXGroup;
			children = (
				473098922C3EBF4100AA428E /* SettingCell.swift */,
			);
			path = Views;
			sourceTree = "<group>";
		};
		473098962C3ECA0900AA428E /* ShareSheet */ = {
			isa = PBXGroup;
			children = (
				473098972C3ECA1400AA428E /* ShareSheet.swift */,
			);
			path = ShareSheet;
			sourceTree = "<group>";
		};
		477EBCFC2C3BCC6600D3209E /* ProjectsList */ = {
			isa = PBXGroup;
			children = (
				473098722C3D605800AA428E /* Cells */,
				47D13AFD2C3AC5C70062A4B3 /* ProjectsContentView.swift */,
				47D13AFF2C3AC5E30062A4B3 /* ProjectsContentViewModel.swift */,
			);
			path = ProjectsList;
			sourceTree = "<group>";
		};
		477EBCFD2C3BCC7900D3209E /* AddProject */ = {
			isa = PBXGroup;
			children = (
				477EBCFE2C3BCC9600D3209E /* AddProjectView.swift */,
				477EBD002C3BCCA000D3209E /* AddProjectViewModel.swift */,
			);
			path = AddProject;
			sourceTree = "<group>";
		};
		477EBD022C3BD9DF00D3209E /* InputField */ = {
			isa = PBXGroup;
			children = (
				477EBD032C3BDA0A00D3209E /* InputField.swift */,
			);
			path = InputField;
			sourceTree = "<group>";
		};
		47D13A7D2C3A932E0062A4B3 = {
			isa = PBXGroup;
			children = (
				47D13AA52C3A96D50062A4B3 /* swiftgen.yml */,
				47D13A882C3A932E0062A4B3 /* Tradifundint */,
				47D13A872C3A932E0062A4B3 /* Products */,
			);
			sourceTree = "<group>";
		};
		47D13A872C3A932E0062A4B3 /* Products */ = {
			isa = PBXGroup;
			children = (
				47D13A862C3A932E0062A4B3 /* Tradifundint.app */,
			);
			name = Products;
			sourceTree = "<group>";
		};
		47D13A882C3A932E0062A4B3 /* Tradifundint */ = {
			isa = PBXGroup;
			children = (
				47D13AE82C3AA4C00062A4B3 /* Helpers */,
				47D13AD72C3AA1B30062A4B3 /* Extensions */,
				47D13A9D2C3A93E10062A4B3 /* App */,
				47D13AD02C3A9C700062A4B3 /* Services */,
				47D13A9F2C3A948E0062A4B3 /* Units */,
				47D13AA82C3A972F0062A4B3 /* Resources */,
				47D13A922C3A932F0062A4B3 /* Assets.xcassets */,
				47D13A942C3A932F0062A4B3 /* LaunchScreen.storyboard */,
				47D13A972C3A932F0062A4B3 /* Info.plist */,
			);
			path = Tradifundint;
			sourceTree = "<group>";
		};
		47D13A9D2C3A93E10062A4B3 /* App */ = {
			isa = PBXGroup;
			children = (
				47D13A892C3A932E0062A4B3 /* AppDelegate.swift */,
				47D13A8B2C3A932E0062A4B3 /* SceneDelegate.swift */,
				47D13A8D2C3A932E0062A4B3 /* RootViewController.swift */,
			);
			path = App;
			sourceTree = "<group>";
		};
		47D13A9F2C3A948E0062A4B3 /* Units */ = {
			isa = PBXGroup;
			children = (
				47D13AA02C3A94980062A4B3 /* RootContentView */,
				47D13ACD2C3A9BFD0062A4B3 /* Preloader */,
				47D13ADF2C3AA4320062A4B3 /* Onboarding */,
				47D13AF42C3ABE340062A4B3 /* TabBar */,
				47D13AFB2C3AC5910062A4B3 /* Main */,
			);
			path = Units;
			sourceTree = "<group>";
		};
		47D13AA02C3A94980062A4B3 /* RootContentView */ = {
			isa = PBXGroup;
			children = (
				47D13AA12C3A94A90062A4B3 /* RootContentView.swift */,
				47D13AA32C3A94B20062A4B3 /* RootContentViewModel.swift */,
			);
			path = RootContentView;
			sourceTree = "<group>";
		};
		47D13AA82C3A972F0062A4B3 /* Resources */ = {
			isa = PBXGroup;
			children = (
				47D13AA92C3A972F0062A4B3 /* Images */,
				47D13AAC2C3A972F0062A4B3 /* Colors */,
				47D13AAF2C3A972F0062A4B3 /* Fonts */,
				47D13ABA2C3A972F0062A4B3 /* Localization */,
			);
			path = Resources;
			sourceTree = "<group>";
		};
		47D13AA92C3A972F0062A4B3 /* Images */ = {
			isa = PBXGroup;
			children = (
				47D13AAA2C3A972F0062A4B3 /* Images.xcassets */,
				47D13AAB2C3A972F0062A4B3 /* Images.generated.swift */,
			);
			path = Images;
			sourceTree = "<group>";
		};
		47D13AAC2C3A972F0062A4B3 /* Colors */ = {
			isa = PBXGroup;
			children = (
				47D13AAD2C3A972F0062A4B3 /* Colors.xcassets */,
				47D13AAE2C3A972F0062A4B3 /* Colors.generated.swift */,
			);
			path = Colors;
			sourceTree = "<group>";
		};
		47D13AAF2C3A972F0062A4B3 /* Fonts */ = {
			isa = PBXGroup;
			children = (
				47D13AB02C3A972F0062A4B3 /* SFPRODISPLAYSEMIBOLDITALIC.OTF */,
				47D13AB12C3A972F0062A4B3 /* SFPRODISPLAYHEAVYITALIC.OTF */,
				47D13AB22C3A972F0062A4B3 /* SFPRODISPLAYLIGHTITALIC.OTF */,
				47D13AB32C3A972F0062A4B3 /* SFPRODISPLAYBLACKITALIC.OTF */,
				47D13AB42C3A972F0062A4B3 /* SFPRODISPLAYREGULAR.OTF */,
				47D13AB52C3A972F0062A4B3 /* Fonts.generated.swift */,
				47D13AB62C3A972F0062A4B3 /* SFPRODISPLAYTHINITALIC.OTF */,
				47D13AB72C3A972F0062A4B3 /* SFPRODISPLAYBOLD.OTF */,
				47D13AB82C3A972F0062A4B3 /* SFPRODISPLAYMEDIUM.OTF */,
				47D13AB92C3A972F0062A4B3 /* SFPRODISPLAYULTRALIGHTITALIC.OTF */,
			);
			path = Fonts;
			sourceTree = "<group>";
		};
		47D13ABA2C3A972F0062A4B3 /* Localization */ = {
			isa = PBXGroup;
			children = (
				47D13ABB2C3A972F0062A4B3 /* Strings.generated.swift */,
				47D13ABC2C3A972F0062A4B3 /* Localizable.strings */,
			);
			path = Localization;
			sourceTree = "<group>";
		};
		47D13ACD2C3A9BFD0062A4B3 /* Preloader */ = {
			isa = PBXGroup;
			children = (
				47D13ACE2C3A9C110062A4B3 /* PreloaderView.swift */,
				47D13AD42C3A9EF90062A4B3 /* PreloaderViewModel.swift */,
			);
			path = Preloader;
			sourceTree = "<group>";
		};
		47D13AD02C3A9C700062A4B3 /* Services */ = {
			isa = PBXGroup;
			children = (
				47D13AD12C3A9C830062A4B3 /* Defaults */,
			);
			path = Services;
			sourceTree = "<group>";
		};
		47D13AD12C3A9C830062A4B3 /* Defaults */ = {
			isa = PBXGroup;
			children = (
				47D13AD22C3A9C830062A4B3 /* DefaultsService.swift */,
			);
			path = Defaults;
			sourceTree = "<group>";
		};
		47D13AD72C3AA1B30062A4B3 /* Extensions */ = {
			isa = PBXGroup;
			children = (
				47D13AD82C3AA1B30062A4B3 /* Double+Additions.swift */,
				47D13AD92C3AA1B30062A4B3 /* Date+Additions.swift */,
				47D13ADA2C3AA1B30062A4B3 /* View+Additions.swift */,
				477EBD092C3C1BDE00D3209E /* String+Additions.swift */,
			);
			path = Extensions;
			sourceTree = "<group>";
		};
		47D13ADF2C3AA4320062A4B3 /* Onboarding */ = {
			isa = PBXGroup;
			children = (
				47D13AE02C3AA4320062A4B3 /* OnboardingView */,
				47D13AE32C3AA4320062A4B3 /* OnboardingViewTabView */,
			);
			path = Onboarding;
			sourceTree = "<group>";
		};
		47D13AE02C3AA4320062A4B3 /* OnboardingView */ = {
			isa = PBXGroup;
			children = (
				47D13AE12C3AA4320062A4B3 /* OnboardingView.swift */,
				47D13AE22C3AA4320062A4B3 /* OnboardingViewModel.swift */,
			);
			path = OnboardingView;
			sourceTree = "<group>";
		};
		47D13AE32C3AA4320062A4B3 /* OnboardingViewTabView */ = {
			isa = PBXGroup;
			children = (
				47D13AE42C3AA4320062A4B3 /* OnboardingViewTabView.swift */,
			);
			path = OnboardingViewTabView;
			sourceTree = "<group>";
		};
		47D13AE82C3AA4C00062A4B3 /* Helpers */ = {
			isa = PBXGroup;
			children = (
				47D13AE92C3AA4CF0062A4B3 /* Views */,
			);
			path = Helpers;
			sourceTree = "<group>";
		};
		47D13AE92C3AA4CF0062A4B3 /* Views */ = {
			isa = PBXGroup;
			children = (
				473098962C3ECA0900AA428E /* ShareSheet */,
				477EBD022C3BD9DF00D3209E /* InputField */,
				47D13AF02C3ABCF90062A4B3 /* DashedBorder */,
				47D13AED2C3AA7090062A4B3 /* NextButton */,
				47D13AEA2C3AA4E70062A4B3 /* WebView */,
			);
			path = Views;
			sourceTree = "<group>";
		};
		47D13AEA2C3AA4E70062A4B3 /* WebView */ = {
			isa = PBXGroup;
			children = (
				47D13AEB2C3AA4E70062A4B3 /* SwiftUIViewWebView.swift */,
			);
			path = WebView;
			sourceTree = "<group>";
		};
		47D13AED2C3AA7090062A4B3 /* NextButton */ = {
			isa = PBXGroup;
			children = (
				47D13AEE2C3AA7090062A4B3 /* NextButton.swift */,
			);
			path = NextButton;
			sourceTree = "<group>";
		};
		47D13AF02C3ABCF90062A4B3 /* DashedBorder */ = {
			isa = PBXGroup;
			children = (
				47D13AF12C3ABD010062A4B3 /* DashedBorder.swift */,
			);
			path = DashedBorder;
			sourceTree = "<group>";
		};
		47D13AF42C3ABE340062A4B3 /* TabBar */ = {
			isa = PBXGroup;
			children = (
				47D13AF52C3ABE340062A4B3 /* TabBar.swift */,
				47D13AF62C3ABE340062A4B3 /* TabBarCustomView.swift */,
				47D13AF72C3ABE340062A4B3 /* TabBarViewModel.swift */,
			);
			path = TabBar;
			sourceTree = "<group>";
		};
		47D13AFB2C3AC5910062A4B3 /* Main */ = {
			isa = PBXGroup;
			children = (
				4730988E2C3EBF0E00AA428E /* Settings */,
				473098882C3EAD9D00AA428E /* Calculating */,
				473098802C3E9CFB00AA428E /* ROI */,
				47D13AFC2C3AC59B0062A4B3 /* Projects */,
			);
			path = Main;
			sourceTree = "<group>";
		};
		47D13AFC2C3AC59B0062A4B3 /* Projects */ = {
			isa = PBXGroup;
			children = (
				477EBCFC2C3BCC6600D3209E /* ProjectsList */,
				477EBCFD2C3BCC7900D3209E /* AddProject */,
				473098752C3D736E00AA428E /* EditProject */,
				4730987A2C3DAAD000AA428E /* DidCreateProject */,
			);
			path = Projects;
			sourceTree = "<group>";
		};
/* End PBXGroup section */

/* Begin PBXNativeTarget section */
		47D13A852C3A932E0062A4B3 /* Tradifundint */ = {
			isa = PBXNativeTarget;
			buildConfigurationList = 47D13A9A2C3A932F0062A4B3 /* Build configuration list for PBXNativeTarget "Tradifundint" */;
			buildPhases = (
				47D13A822C3A932E0062A4B3 /* Sources */,
				47D13A832C3A932E0062A4B3 /* Frameworks */,
				47D13A842C3A932E0062A4B3 /* Resources */,
				47D13AA72C3A96FE0062A4B3 /* SwiftGen */,
			);
			buildRules = (
			);
			dependencies = (
			);
			name = Tradifundint;
			productName = Tradifundint;
			productReference = 47D13A862C3A932E0062A4B3 /* Tradifundint.app */;
			productType = "com.apple.product-type.application";
		};
/* End PBXNativeTarget section */

/* Begin PBXProject section */
		47D13A7E2C3A932E0062A4B3 /* Project object */ = {
			isa = PBXProject;
			attributes = {
				BuildIndependentTargetsInParallel = 1;
				LastSwiftUpdateCheck = 1520;
				LastUpgradeCheck = 1520;
				TargetAttributes = {
					47D13A852C3A932E0062A4B3 = {
						CreatedOnToolsVersion = 15.2;
					};
				};
			};
			buildConfigurationList = 47D13A812C3A932E0062A4B3 /* Build configuration list for PBXProject "Tradifundint" */;
			compatibilityVersion = "Xcode 14.0";
			developmentRegion = en;
			hasScannedForEncodings = 0;
			knownRegions = (
				en,
				Base,
			);
			mainGroup = 47D13A7D2C3A932E0062A4B3;
			productRefGroup = 47D13A872C3A932E0062A4B3 /* Products */;
			projectDirPath = "";
			projectRoot = "";
			targets = (
				47D13A852C3A932E0062A4B3 /* Tradifundint */,
			);
		};
/* End PBXProject section */

/* Begin PBXResourcesBuildPhase section */
		47D13A842C3A932E0062A4B3 /* Resources */ = {
			isa = PBXResourcesBuildPhase;
			buildActionMask = 2147483647;
			files = (
				47D13AC32C3A972F0062A4B3 /* SFPRODISPLAYLIGHTITALIC.OTF in Resources */,
				47D13AC42C3A972F0062A4B3 /* SFPRODISPLAYBLACKITALIC.OTF in Resources */,
				47D13ABF2C3A972F0062A4B3 /* Colors.xcassets in Resources */,
				47D13A962C3A932F0062A4B3 /* LaunchScreen.storyboard in Resources */,
				47D13AC92C3A972F0062A4B3 /* SFPRODISPLAYMEDIUM.OTF in Resources */,
				47D13AC82C3A972F0062A4B3 /* SFPRODISPLAYBOLD.OTF in Resources */,
				47D13ABD2C3A972F0062A4B3 /* Images.xcassets in Resources */,
				47D13A932C3A932F0062A4B3 /* Assets.xcassets in Resources */,
				47D13AC12C3A972F0062A4B3 /* SFPRODISPLAYSEMIBOLDITALIC.OTF in Resources */,
				47D13AA62C3A96D50062A4B3 /* swiftgen.yml in Resources */,
				47D13ACC2C3A972F0062A4B3 /* Localizable.strings in Resources */,
				47D13ACA2C3A972F0062A4B3 /* SFPRODISPLAYULTRALIGHTITALIC.OTF in Resources */,
				47D13AC52C3A972F0062A4B3 /* SFPRODISPLAYREGULAR.OTF in Resources */,
				47D13AC22C3A972F0062A4B3 /* SFPRODISPLAYHEAVYITALIC.OTF in Resources */,
				47D13AC72C3A972F0062A4B3 /* SFPRODISPLAYTHINITALIC.OTF in Resources */,
			);
			runOnlyForDeploymentPostprocessing = 0;
		};
/* End PBXResourcesBuildPhase section */

/* Begin PBXShellScriptBuildPhase section */
		47D13AA72C3A96FE0062A4B3 /* SwiftGen */ = {
			isa = PBXShellScriptBuildPhase;
			alwaysOutOfDate = 1;
			buildActionMask = 2147483647;
			files = (
			);
			inputFileListPaths = (
			);
			inputPaths = (
			);
			name = SwiftGen;
			outputFileListPaths = (
			);
			outputPaths = (
			);
			runOnlyForDeploymentPostprocessing = 0;
			shellPath = /bin/sh;
			shellScript = "if which swiftgen >/dev/null; then\n  swiftgen config run --config ${PROJECT_DIR}/swiftgen.yml\nelse\n  echo \"warning: SwiftGen not installed, download it from https://github.com/SwiftGen/SwiftGen\"\nfi\n";
		};
/* End PBXShellScriptBuildPhase section */

/* Begin PBXSourcesBuildPhase section */
		47D13A822C3A932E0062A4B3 /* Sources */ = {
			isa = PBXSourcesBuildPhase;
			buildActionMask = 2147483647;
			files = (
				4730988A2C3EADB000AA428E /* CalculatingView.swift in Sources */,
				477EBD012C3BCCA000D3209E /* AddProjectViewModel.swift in Sources */,
				47D13AC02C3A972F0062A4B3 /* Colors.generated.swift in Sources */,
				47D13B002C3AC5E30062A4B3 /* ProjectsContentViewModel.swift in Sources */,
				47D13ADB2C3AA1B30062A4B3 /* Double+Additions.swift in Sources */,
				47D13ABE2C3A972F0062A4B3 /* Images.generated.swift in Sources */,
				473098792C3D738E00AA428E /* EditProjectViewModel.swift in Sources */,
				47D13A8E2C3A932E0062A4B3 /* RootViewController.swift in Sources */,
				47D13AE72C3AA4320062A4B3 /* OnboardingViewTabView.swift in Sources */,
				47D13A8A2C3A932E0062A4B3 /* AppDelegate.swift in Sources */,
				473098772C3D738300AA428E /* EditProjectView.swift in Sources */,
				473098982C3ECA1400AA428E /* ShareSheet.swift in Sources */,
				477EBD042C3BDA0A00D3209E /* InputField.swift in Sources */,
				47D13ADC2C3AA1B30062A4B3 /* Date+Additions.swift in Sources */,
				47D13AA22C3A94A90062A4B3 /* RootContentView.swift in Sources */,
				47D13AA42C3A94B20062A4B3 /* RootContentViewModel.swift in Sources */,
				47D13AD32C3A9C830062A4B3 /* DefaultsService.swift in Sources */,
				47D13AE62C3AA4320062A4B3 /* OnboardingViewModel.swift in Sources */,
				473098822C3E9D9E00AA428E /* ROIView.swift in Sources */,
				477EBCFF2C3BCC9600D3209E /* AddProjectView.swift in Sources */,
				47D13AEF2C3AA7090062A4B3 /* NextButton.swift in Sources */,
				473098842C3E9DA800AA428E /* ROIViewModel.swift in Sources */,
				47D13AF92C3ABE340062A4B3 /* TabBarCustomView.swift in Sources */,
				47D13ACB2C3A972F0062A4B3 /* Strings.generated.swift in Sources */,
				47D13A8C2C3A932E0062A4B3 /* SceneDelegate.swift in Sources */,
				47D13ADD2C3AA1B30062A4B3 /* View+Additions.swift in Sources */,
				473098902C3EBF2200AA428E /* SettingsView.swift in Sources */,
				473098742C3D607400AA428E /* ProjectCell.swift in Sources */,
				4730988D2C3EB24A00AA428E /* ROIResultView.swift in Sources */,
				47D13AFE2C3AC5C70062A4B3 /* ProjectsContentView.swift in Sources */,
				47D13AFA2C3ABE340062A4B3 /* TabBarViewModel.swift in Sources */,
				47D13AD52C3A9EF90062A4B3 /* PreloaderViewModel.swift in Sources */,
				4730987C2C3DAB1700AA428E /* DidCreateProjectView.swift in Sources */,
				47D13AE52C3AA4320062A4B3 /* OnboardingView.swift in Sources */,
				47D13AF22C3ABD010062A4B3 /* DashedBorder.swift in Sources */,
				47D13AC62C3A972F0062A4B3 /* Fonts.generated.swift in Sources */,
				477EBD0A2C3C1BDE00D3209E /* String+Additions.swift in Sources */,
				47D13AF82C3ABE340062A4B3 /* TabBar.swift in Sources */,
				473098872C3EA3A900AA428E /* ROIDataView.swift in Sources */,
				473098932C3EBF4100AA428E /* SettingCell.swift in Sources */,
				47D13ACF2C3A9C110062A4B3 /* PreloaderView.swift in Sources */,
				47D13AEC2C3AA4E70062A4B3 /* SwiftUIViewWebView.swift in Sources */,
				473098952C3EC51200AA428E /* SettingsViewModel.swift in Sources */,
			);
			runOnlyForDeploymentPostprocessing = 0;
		};
/* End PBXSourcesBuildPhase section */

/* Begin PBXVariantGroup section */
		47D13A942C3A932F0062A4B3 /* LaunchScreen.storyboard */ = {
			isa = PBXVariantGroup;
			children = (
				47D13A952C3A932F0062A4B3 /* Base */,
			);
			name = LaunchScreen.storyboard;
			sourceTree = "<group>";
		};
/* End PBXVariantGroup section */

/* Begin XCBuildConfiguration section */
		47D13A982C3A932F0062A4B3 /* Debug */ = {
			isa = XCBuildConfiguration;
			buildSettings = {
				ALWAYS_SEARCH_USER_PATHS = NO;
				ASSETCATALOG_COMPILER_GENERATE_SWIFT_ASSET_SYMBOL_EXTENSIONS = YES;
				CLANG_ANALYZER_NONNULL = YES;
				CLANG_ANALYZER_NUMBER_OBJECT_CONVERSION = YES_AGGRESSIVE;
				CLANG_CXX_LANGUAGE_STANDARD = "gnu++20";
				CLANG_ENABLE_MODULES = YES;
				CLANG_ENABLE_OBJC_ARC = YES;
				CLANG_ENABLE_OBJC_WEAK = YES;
				CLANG_WARN_BLOCK_CAPTURE_AUTORELEASING = YES;
				CLANG_WARN_BOOL_CONVERSION = YES;
				CLANG_WARN_COMMA = YES;
				CLANG_WARN_CONSTANT_CONVERSION = YES;
				CLANG_WARN_DEPRECATED_OBJC_IMPLEMENTATIONS = YES;
				CLANG_WARN_DIRECT_OBJC_ISA_USAGE = YES_ERROR;
				CLANG_WARN_DOCUMENTATION_COMMENTS = YES;
				CLANG_WARN_EMPTY_BODY = YES;
				CLANG_WARN_ENUM_CONVERSION = YES;
				CLANG_WARN_INFINITE_RECURSION = YES;
				CLANG_WARN_INT_CONVERSION = YES;
				CLANG_WARN_NON_LITERAL_NULL_CONVERSION = YES;
				CLANG_WARN_OBJC_IMPLICIT_RETAIN_SELF = YES;
				CLANG_WARN_OBJC_LITERAL_CONVERSION = YES;
				CLANG_WARN_OBJC_ROOT_CLASS = YES_ERROR;
				CLANG_WARN_QUOTED_INCLUDE_IN_FRAMEWORK_HEADER = YES;
				CLANG_WARN_RANGE_LOOP_ANALYSIS = YES;
				CLANG_WARN_STRICT_PROTOTYPES = YES;
				CLANG_WARN_SUSPICIOUS_MOVE = YES;
				CLANG_WARN_UNGUARDED_AVAILABILITY = YES_AGGRESSIVE;
				CLANG_WARN_UNREACHABLE_CODE = YES;
				CLANG_WARN__DUPLICATE_METHOD_MATCH = YES;
				COPY_PHASE_STRIP = NO;
				DEBUG_INFORMATION_FORMAT = dwarf;
				ENABLE_STRICT_OBJC_MSGSEND = YES;
				ENABLE_TESTABILITY = YES;
				ENABLE_USER_SCRIPT_SANDBOXING = NO;
				GCC_C_LANGUAGE_STANDARD = gnu17;
				GCC_DYNAMIC_NO_PIC = NO;
				GCC_NO_COMMON_BLOCKS = YES;
				GCC_OPTIMIZATION_LEVEL = 0;
				GCC_PREPROCESSOR_DEFINITIONS = (
					"DEBUG=1",
					"$(inherited)",
				);
				GCC_WARN_64_TO_32_BIT_CONVERSION = YES;
				GCC_WARN_ABOUT_RETURN_TYPE = YES_ERROR;
				GCC_WARN_UNDECLARED_SELECTOR = YES;
				GCC_WARN_UNINITIALIZED_AUTOS = YES_AGGRESSIVE;
				GCC_WARN_UNUSED_FUNCTION = YES;
				GCC_WARN_UNUSED_VARIABLE = YES;
				IPHONEOS_DEPLOYMENT_TARGET = 16.0;
				LOCALIZATION_PREFERS_STRING_CATALOGS = YES;
				MTL_ENABLE_DEBUG_INFO = INCLUDE_SOURCE;
				MTL_FAST_MATH = YES;
				ONLY_ACTIVE_ARCH = YES;
				SDKROOT = iphoneos;
				SWIFT_ACTIVE_COMPILATION_CONDITIONS = "DEBUG $(inherited)";
				SWIFT_OPTIMIZATION_LEVEL = "-Onone";
			};
			name = Debug;
		};
		47D13A992C3A932F0062A4B3 /* Release */ = {
			isa = XCBuildConfiguration;
			buildSettings = {
				ALWAYS_SEARCH_USER_PATHS = NO;
				ASSETCATALOG_COMPILER_GENERATE_SWIFT_ASSET_SYMBOL_EXTENSIONS = YES;
				CLANG_ANALYZER_NONNULL = YES;
				CLANG_ANALYZER_NUMBER_OBJECT_CONVERSION = YES_AGGRESSIVE;
				CLANG_CXX_LANGUAGE_STANDARD = "gnu++20";
				CLANG_ENABLE_MODULES = YES;
				CLANG_ENABLE_OBJC_ARC = YES;
				CLANG_ENABLE_OBJC_WEAK = YES;
				CLANG_WARN_BLOCK_CAPTURE_AUTORELEASING = YES;
				CLANG_WARN_BOOL_CONVERSION = YES;
				CLANG_WARN_COMMA = YES;
				CLANG_WARN_CONSTANT_CONVERSION = YES;
				CLANG_WARN_DEPRECATED_OBJC_IMPLEMENTATIONS = YES;
				CLANG_WARN_DIRECT_OBJC_ISA_USAGE = YES_ERROR;
				CLANG_WARN_DOCUMENTATION_COMMENTS = YES;
				CLANG_WARN_EMPTY_BODY = YES;
				CLANG_WARN_ENUM_CONVERSION = YES;
				CLANG_WARN_INFINITE_RECURSION = YES;
				CLANG_WARN_INT_CONVERSION = YES;
				CLANG_WARN_NON_LITERAL_NULL_CONVERSION = YES;
				CLANG_WARN_OBJC_IMPLICIT_RETAIN_SELF = YES;
				CLANG_WARN_OBJC_LITERAL_CONVERSION = YES;
				CLANG_WARN_OBJC_ROOT_CLASS = YES_ERROR;
				CLANG_WARN_QUOTED_INCLUDE_IN_FRAMEWORK_HEADER = YES;
				CLANG_WARN_RANGE_LOOP_ANALYSIS = YES;
				CLANG_WARN_STRICT_PROTOTYPES = YES;
				CLANG_WARN_SUSPICIOUS_MOVE = YES;
				CLANG_WARN_UNGUARDED_AVAILABILITY = YES_AGGRESSIVE;
				CLANG_WARN_UNREACHABLE_CODE = YES;
				CLANG_WARN__DUPLICATE_METHOD_MATCH = YES;
				COPY_PHASE_STRIP = NO;
				DEBUG_INFORMATION_FORMAT = "dwarf-with-dsym";
				ENABLE_NS_ASSERTIONS = NO;
				ENABLE_STRICT_OBJC_MSGSEND = YES;
				ENABLE_USER_SCRIPT_SANDBOXING = NO;
				GCC_C_LANGUAGE_STANDARD = gnu17;
				GCC_NO_COMMON_BLOCKS = YES;
				GCC_WARN_64_TO_32_BIT_CONVERSION = YES;
				GCC_WARN_ABOUT_RETURN_TYPE = YES_ERROR;
				GCC_WARN_UNDECLARED_SELECTOR = YES;
				GCC_WARN_UNINITIALIZED_AUTOS = YES_AGGRESSIVE;
				GCC_WARN_UNUSED_FUNCTION = YES;
				GCC_WARN_UNUSED_VARIABLE = YES;
				IPHONEOS_DEPLOYMENT_TARGET = 16.0;
				LOCALIZATION_PREFERS_STRING_CATALOGS = YES;
				MTL_ENABLE_DEBUG_INFO = NO;
				MTL_FAST_MATH = YES;
				SDKROOT = iphoneos;
				SWIFT_COMPILATION_MODE = wholemodule;
				VALIDATE_PRODUCT = YES;
			};
			name = Release;
		};
		47D13A9B2C3A932F0062A4B3 /* Debug */ = {
			isa = XCBuildConfiguration;
			buildSettings = {
				ASSETCATALOG_COMPILER_APPICON_NAME = AppIcon;
				ASSETCATALOG_COMPILER_GLOBAL_ACCENT_COLOR_NAME = AccentColor;
				CODE_SIGN_STYLE = Automatic;
				CURRENT_PROJECT_VERSION = 1;
				DEVELOPMENT_TEAM = AQV6DH83XK;
				GENERATE_INFOPLIST_FILE = YES;
				INFOPLIST_FILE = Tradifundint/Info.plist;
				INFOPLIST_KEY_UIApplicationSupportsIndirectInputEvents = YES;
				INFOPLIST_KEY_UILaunchStoryboardName = LaunchScreen;
				INFOPLIST_KEY_UISupportedInterfaceOrientations = UIInterfaceOrientationPortrait;
				INFOPLIST_KEY_UISupportedInterfaceOrientations_iPad = "UIInterfaceOrientationLandscapeLeft UIInterfaceOrientationLandscapeRight UIInterfaceOrientationPortrait UIInterfaceOrientationPortraitUpsideDown";
				IPHONEOS_DEPLOYMENT_TARGET = 16.0;
				LD_RUNPATH_SEARCH_PATHS = (
					"$(inherited)",
					"@executable_path/Frameworks",
				);
				MARKETING_VERSION = 1.0;
				PRODUCT_BUNDLE_IDENTIFIER = com.application.Tradifundint;
				PRODUCT_NAME = "$(TARGET_NAME)";
				SUPPORTED_PLATFORMS = "iphoneos iphonesimulator";
				SUPPORTS_MACCATALYST = NO;
				SUPPORTS_MAC_DESIGNED_FOR_IPHONE_IPAD = NO;
				SUPPORTS_XR_DESIGNED_FOR_IPHONE_IPAD = NO;
				SWIFT_EMIT_LOC_STRINGS = YES;
				SWIFT_VERSION = 5.0;
				TARGETED_DEVICE_FAMILY = 1;
			};
			name = Debug;
		};
		47D13A9C2C3A932F0062A4B3 /* Release */ = {
			isa = XCBuildConfiguration;
			buildSettings = {
				ASSETCATALOG_COMPILER_APPICON_NAME = AppIcon;
				ASSETCATALOG_COMPILER_GLOBAL_ACCENT_COLOR_NAME = AccentColor;
				CODE_SIGN_STYLE = Automatic;
				CURRENT_PROJECT_VERSION = 1;
				DEVELOPMENT_TEAM = AQV6DH83XK;
				GENERATE_INFOPLIST_FILE = YES;
				INFOPLIST_FILE = Tradifundint/Info.plist;
				INFOPLIST_KEY_UIApplicationSupportsIndirectInputEvents = YES;
				INFOPLIST_KEY_UILaunchStoryboardName = LaunchScreen;
				INFOPLIST_KEY_UISupportedInterfaceOrientations = UIInterfaceOrientationPortrait;
				INFOPLIST_KEY_UISupportedInterfaceOrientations_iPad = "UIInterfaceOrientationLandscapeLeft UIInterfaceOrientationLandscapeRight UIInterfaceOrientationPortrait UIInterfaceOrientationPortraitUpsideDown";
				IPHONEOS_DEPLOYMENT_TARGET = 16.0;
				LD_RUNPATH_SEARCH_PATHS = (
					"$(inherited)",
					"@executable_path/Frameworks",
				);
				MARKETING_VERSION = 1.0;
				PRODUCT_BUNDLE_IDENTIFIER = com.application.Tradifundint;
				PRODUCT_NAME = "$(TARGET_NAME)";
				SUPPORTED_PLATFORMS = "iphoneos iphonesimulator";
				SUPPORTS_MACCATALYST = NO;
				SUPPORTS_MAC_DESIGNED_FOR_IPHONE_IPAD = NO;
				SUPPORTS_XR_DESIGNED_FOR_IPHONE_IPAD = NO;
				SWIFT_EMIT_LOC_STRINGS = YES;
				SWIFT_VERSION = 5.0;
				TARGETED_DEVICE_FAMILY = 1;
			};
			name = Release;
		};
/* End XCBuildConfiguration section */

/* Begin XCConfigurationList section */
		47D13A812C3A932E0062A4B3 /* Build configuration list for PBXProject "Tradifundint" */ = {
			isa = XCConfigurationList;
			buildConfigurations = (
				47D13A982C3A932F0062A4B3 /* Debug */,
				47D13A992C3A932F0062A4B3 /* Release */,
			);
			defaultConfigurationIsVisible = 0;
			defaultConfigurationName = Release;
		};
		47D13A9A2C3A932F0062A4B3 /* Build configuration list for PBXNativeTarget "Tradifundint" */ = {
			isa = XCConfigurationList;
			buildConfigurations = (
				47D13A9B2C3A932F0062A4B3 /* Debug */,
				47D13A9C2C3A932F0062A4B3 /* Release */,
			);
			defaultConfigurationIsVisible = 0;
			defaultConfigurationName = Release;
		};
/* End XCConfigurationList section */
	};
	rootObject = 47D13A7E2C3A932E0062A4B3 /* Project object */;
}
